
Microsoft Visual Studio Solution File, Format Version 12.00
# Visual Studio Version 17
VisualStudioVersion = 17.10.34916.146
MinimumVisualStudioVersion = 10.0.40219.1
Project("{8BC9CEB8-8B4A-11D0-8D11-00A0C91BC942}") = "Project21", "Project21\Project21.vcxproj", "{D060C3E9-2049-46BD-A868-DEC795E99FCB}"
EndProject
Global
	GlobalSection(SolutionConfigurationPlatforms) = preSolution
		Debug|x64 = Debug|x64
		Debug|x86 = Debug|x86
		Release|x64 = Release|x64
		Release|x86 = Release|x86
	EndGlobalSection
	GlobalSection(ProjectConfigurationPlatforms) = postSolution
		{D060C3E9-2049-46BD-A868-DEC795E99FCB}.Debug|x64.ActiveCfg = Debug|x64
		{D060C3E9-2049-46BD-A868-DEC795E99FCB}.Debug|x64.Build.0 = Debug|x64
		{D060C3E9-2049-46BD-A868-DEC795E99FCB}.Debug|x86.ActiveCfg = Debug|Win32
		{D060C3E9-2049-46BD-A868-DEC795E99FCB}.Debug|x86.Build.0 = Debug|Win32
		{D060C3E9-2049-46BD-A868-DEC795E99FCB}.Release|x64.ActiveCfg = Release|x64
		{D060C3E9-2049-46BD-A868-DEC795E99FCB}.Release|x64.Build.0 = Release|x64
		{D060C3E9-2049-46BD-A868-DEC795E99FCB}.Release|x86.ActiveCfg = Release|Win32
		{D060C3E9-2049-46BD-A868-DEC795E99FCB}.Release|x86.Build.0 = Release|Win32
	EndGlobalSection
	GlobalSection(SolutionProperties) = preSolution
		HideSolutionNode = FALSE
	EndGlobalSection
	GlobalSection(ExtensibilityGlobals) = postSolution
		SolutionGuid = {F3150ED8-65B8-42AB-90A0-D9E544D560AA}
	EndGlobalSection
EndGlobal
